
Microsoft Visual Studio Solution File, Format Version 12.00
# Visual Studio Version 17
VisualStudioVersion = 17.8.34322.80
MinimumVisualStudioVersion = 10.0.40219.1
Project("{FAE04EC0-301F-11D3-BF4B-00C04F79EFBC}") = "Test voor project", "Test voor project.csproj", "{81F9277D-F57F-4D3D-A461-AD9E2F1779FE}"
EndProject
Global
	GlobalSection(SolutionConfigurationPlatforms) = preSolution
		Debug|Any CPU = Debug|Any CPU
		Release|Any CPU = Release|Any CPU
	EndGlobalSection
	GlobalSection(ProjectConfigurationPlatforms) = postSolution
		{81F9277D-F57F-4D3D-A461-AD9E2F1779FE}.Debug|Any CPU.ActiveCfg = Debug|Any CPU
		{81F9277D-F57F-4D3D-A461-AD9E2F1779FE}.Debug|Any CPU.Build.0 = Debug|Any CPU
		{81F9277D-F57F-4D3D-A461-AD9E2F1779FE}.Release|Any CPU.ActiveCfg = Release|Any CPU
		{81F9277D-F57F-4D3D-A461-AD9E2F1779FE}.Release|Any CPU.Build.0 = Release|Any CPU
	EndGlobalSection
	GlobalSection(SolutionProperties) = preSolution
		HideSolutionNode = FALSE
	EndGlobalSection
	GlobalSection(ExtensibilityGlobals) = postSolution
		SolutionGuid = {0C5341F2-9A95-44ED-B5DA-35E5069F74CB}
	EndGlobalSection
EndGlobal
